
Microsoft Visual Studio Solution File, Format Version 12.00
# Visual Studio Version 17
VisualStudioVersion = 17.2.32616.157
MinimumVisualStudioVersion = 10.0.40219.1
Project("{2150E333-8FDC-42A3-9474-1A3956D46DE8}") = "Services", "Services", "{16D1005C-2807-46D0-9722-F4617F912593}"
EndProject
Project("{2150E333-8FDC-42A3-9474-1A3956D46DE8}") = "Catalog", "Catalog", "{0BE4528B-EBF7-4B72-BAF0-AA28195CCE0F}"
EndProject
Project("{FAE04EC0-301F-11D3-BF4B-00C04F79EFBC}") = "FreeCourse.Services.Catalog", "Services\Catalog\FreeCourse.Services.Catalog\FreeCourse.Services.Catalog.csproj", "{75412F52-41A3-47F3-9D56-08F5A66A6CBB}"
EndProject
Project("{2150E333-8FDC-42A3-9474-1A3956D46DE8}") = "Solution Items", "Solution Items", "{04187AD5-A339-4561-97ED-7035D1E851BB}"
	ProjectSection(SolutionItems) = preProject
		Ports.txt = Ports.txt
	EndProjectSection
EndProject
Global
	GlobalSection(SolutionConfigurationPlatforms) = preSolution
		Debug|Any CPU = Debug|Any CPU
		Release|Any CPU = Release|Any CPU
	EndGlobalSection
	GlobalSection(ProjectConfigurationPlatforms) = postSolution
		{75412F52-41A3-47F3-9D56-08F5A66A6CBB}.Debug|Any CPU.ActiveCfg = Debug|Any CPU
		{75412F52-41A3-47F3-9D56-08F5A66A6CBB}.Debug|Any CPU.Build.0 = Debug|Any CPU
		{75412F52-41A3-47F3-9D56-08F5A66A6CBB}.Release|Any CPU.ActiveCfg = Release|Any CPU
		{75412F52-41A3-47F3-9D56-08F5A66A6CBB}.Release|Any CPU.Build.0 = Release|Any CPU
	EndGlobalSection
	GlobalSection(SolutionProperties) = preSolution
		HideSolutionNode = FALSE
	EndGlobalSection
	GlobalSection(NestedProjects) = preSolution
		{0BE4528B-EBF7-4B72-BAF0-AA28195CCE0F} = {16D1005C-2807-46D0-9722-F4617F912593}
		{75412F52-41A3-47F3-9D56-08F5A66A6CBB} = {0BE4528B-EBF7-4B72-BAF0-AA28195CCE0F}
	EndGlobalSection
	GlobalSection(ExtensibilityGlobals) = postSolution
		SolutionGuid = {F4029CF4-A1AE-4D54-80E7-544E7CA4158B}
	EndGlobalSection
EndGlobal
